<?xml version="1.0" encoding="UTF-8" standalone="yes" ?>
<CodeBlocks_project_file>
	<FileVersion major="1" minor="6" />
	<Project>
		<Option title="RVS" />
		<Option pch_mode="2" />
		<Option compiler="clang" />
		<Build>
			<Target title="Debug">
				<Option output="bin/Debug/RVS" prefix_auto="1" extension_auto="1" />
				<Option object_output="obj/Debug/" />
				<Option type="1" />
				<Option compiler="clang" />
				<Compiler>
					<Add option="-Weverything" />
					<Add option="-std=c++11" />
					<Add option="-g" />
					<Add directory="include" />
				</Compiler>
				<Linker>
					<Add library="lib/ncurses/libform.a" />
					<Add library="lib/ncurses/libmenu.a" />
					<Add library="lib/ncurses/libncurses.a" />
					<Add library="lib/ncurses/libncurses++.a" />
					<Add library="lib/ncurses/libpanel.a" />
				</Linker>
			</Target>
			<Target title="Release">
				<Option output="bin/Release/RVS" prefix_auto="1" extension_auto="1" />
				<Option object_output="obj/Release/" />
				<Option type="1" />
				<Option compiler="clang" />
				<Compiler>
					<Add option="-O2" />
					<Add directory="include" />
				</Compiler>
				<Linker>
					<Add option="-s" />
					<Add library="lib/ncurses/libform.a" />
					<Add library="lib/ncurses/libmenu.a" />
					<Add library="lib/ncurses/libncurses.a" />
					<Add library="lib/ncurses/libncurses++.a" />
					<Add library="lib/ncurses/libpanel.a" />
				</Linker>
			</Target>
		</Build>
		<Compiler>
			<Add option="-Weverything" />
			<Add option="-fexceptions" />
			<Add directory="include" />
			<Add directory="lib/ncurses/c++" />
			<Add directory="lib/ncurses/include" />
		</Compiler>
		<Linker>
			<Add directory="lib/ncurses" />
		</Linker>
		<Unit filename="demo.cc">
			<Option compile="0" />
			<Option link="0" />
		</Unit>
		<Unit filename="include/Actor.h" />
		<Unit filename="include/Being.h" />
		<Unit filename="include/Romania.h" />
		<Unit filename="include/WorldMap.h" />
		<Unit filename="lib/ncurses/c++/cursesapp.h" />
		<Unit filename="lib/ncurses/c++/cursesf.h" />
		<Unit filename="lib/ncurses/c++/cursesm.h" />
		<Unit filename="lib/ncurses/c++/cursesp.h" />
		<Unit filename="lib/ncurses/c++/cursesw.h" />
		<Unit filename="lib/ncurses/c++/cursslk.h" />
		<Unit filename="lib/ncurses/c++/etip.h" />
		<Unit filename="lib/ncurses/c++/internal.h" />
		<Unit filename="main.cpp" />
		<Unit filename="main_headless.cpp">
			<Option compile="0" />
			<Option link="0" />
			<Option target="Debug" />
		</Unit>
		<Unit filename="src/Actor.cpp" />
		<Unit filename="src/Being.cpp" />
		<Unit filename="src/Romania.cpp" />
		<Unit filename="src/WorldMap.cpp" />
		<Extensions>
			<code_completion />
			<envvars />
			<debugger />
			<lib_finder disable_auto="1" />
		</Extensions>
	</Project>
</CodeBlocks_project_file>
